
Microsoft Visual Studio Solution File, Format Version 12.00
# Visual Studio Version 16
VisualStudioVersion = 16.0.29728.190
MinimumVisualStudioVersion = 10.0.40219.1
Project("{FAE04EC0-301F-11D3-BF4B-00C04F79EFBC}") = "Sorting Efficiencies", "Sorting Efficiencies\Sorting Efficiencies.csproj", "{C863F3B5-0C65-4DD9-A873-725DDE49E33C}"
EndProject
Global
	GlobalSection(SolutionConfigurationPlatforms) = preSolution
		Debug|Any CPU = Debug|Any CPU
		Release|Any CPU = Release|Any CPU
	EndGlobalSection
	GlobalSection(ProjectConfigurationPlatforms) = postSolution
		{C863F3B5-0C65-4DD9-A873-725DDE49E33C}.Debug|Any CPU.ActiveCfg = Debug|Any CPU
		{C863F3B5-0C65-4DD9-A873-725DDE49E33C}.Debug|Any CPU.Build.0 = Debug|Any CPU
		{C863F3B5-0C65-4DD9-A873-725DDE49E33C}.Release|Any CPU.ActiveCfg = Release|Any CPU
		{C863F3B5-0C65-4DD9-A873-725DDE49E33C}.Release|Any CPU.Build.0 = Release|Any CPU
	EndGlobalSection
	GlobalSection(SolutionProperties) = preSolution
		HideSolutionNode = FALSE
	EndGlobalSection
	GlobalSection(ExtensibilityGlobals) = postSolution
		SolutionGuid = {CC7F702F-A477-4D03-B0EB-6A93D510638A}
	EndGlobalSection
EndGlobal
